
Microsoft Visual Studio Solution File, Format Version 12.00
# Visual Studio 15
VisualStudioVersion = 15.0.28010.2016
MinimumVisualStudioVersion = 10.0.40219.1
Project("{FAE04EC0-301F-11D3-BF4B-00C04F79EFBC}") = "Expr2", "Expr2\Expr2.csproj", "{A222B808-2F45-4D3A-AFB8-28115CBE3E0A}"
EndProject
Global
	GlobalSection(SolutionConfigurationPlatforms) = preSolution
		Debug|Any CPU = Debug|Any CPU
		Release|Any CPU = Release|Any CPU
	EndGlobalSection
	GlobalSection(ProjectConfigurationPlatforms) = postSolution
		{A222B808-2F45-4D3A-AFB8-28115CBE3E0A}.Debug|Any CPU.ActiveCfg = Debug|Any CPU
		{A222B808-2F45-4D3A-AFB8-28115CBE3E0A}.Debug|Any CPU.Build.0 = Debug|Any CPU
		{A222B808-2F45-4D3A-AFB8-28115CBE3E0A}.Release|Any CPU.ActiveCfg = Release|Any CPU
		{A222B808-2F45-4D3A-AFB8-28115CBE3E0A}.Release|Any CPU.Build.0 = Release|Any CPU
	EndGlobalSection
	GlobalSection(SolutionProperties) = preSolution
		HideSolutionNode = FALSE
	EndGlobalSection
	GlobalSection(ExtensibilityGlobals) = postSolution
		SolutionGuid = {25CC7DD6-86AC-4E71-B0BB-FC2D07CA4C5D}
	EndGlobalSection
EndGlobal
